// !$*UTF8*$!
{
	archiveVersion = 1;
	classes = {
	};
	objectVersion = 46;
	objects = {

/* Begin PBXBuildFile section */
		30BAE3D81D97BBEB00819457 /* AppDelegate.swift in Sources */ = {isa = PBXBuildFile; fileRef = 30BAE3D71D97BBEB00819457 /* AppDelegate.swift */; };
		30BAE3DD1D97BBEB00819457 /* Main.storyboard in Resources */ = {isa = PBXBuildFile; fileRef = 30BAE3DB1D97BBEB00819457 /* Main.storyboard */; };
		30BAE3DF1D97BBEB00819457 /* Assets.xcassets in Resources */ = {isa = PBXBuildFile; fileRef = 30BAE3DE1D97BBEB00819457 /* Assets.xcassets */; };
		30BAE3E21D97BBEB00819457 /* LaunchScreen.storyboard in Resources */ = {isa = PBXBuildFile; fileRef = 30BAE3E01D97BBEB00819457 /* LaunchScreen.storyboard */; };
		30E48F6F1D97C09400F6CCB7 /* RootViewCell.swift in Sources */ = {isa = PBXBuildFile; fileRef = 30E48F6D1D97C09400F6CCB7 /* RootViewCell.swift */; };
		30E48F701D97C09400F6CCB7 /* RootViewController.swift in Sources */ = {isa = PBXBuildFile; fileRef = 30E48F6E1D97C09400F6CCB7 /* RootViewController.swift */; };
		30E48F721D97C0B400F6CCB7 /* ExampleDataSource.swift in Sources */ = {isa = PBXBuildFile; fileRef = 30E48F711D97C0B400F6CCB7 /* ExampleDataSource.swift */; };
		30E48F7B1D97C2DA00F6CCB7 /* Clustering.storyboard in Resources */ = {isa = PBXBuildFile; fileRef = 30E48F791D97C2DA00F6CCB7 /* Clustering.storyboard */; };
		30E48F7C1D97C2DA00F6CCB7 /* ClusteringViewController.swift in Sources */ = {isa = PBXBuildFile; fileRef = 30E48F7A1D97C2DA00F6CCB7 /* ClusteringViewController.swift */; };
		30E48F7F1D97C2E100F6CCB7 /* Filtering.storyboard in Resources */ = {isa = PBXBuildFile; fileRef = 30E48F7D1D97C2E100F6CCB7 /* Filtering.storyboard */; };
		30E48F801D97C2E100F6CCB7 /* FilteringViewController.swift in Sources */ = {isa = PBXBuildFile; fileRef = 30E48F7E1D97C2E100F6CCB7 /* FilteringViewController.swift */; };
		30E48F841D97C2E700F6CCB7 /* MarkerSelectFeedback.storyboard in Resources */ = {isa = PBXBuildFile; fileRef = 30E48F811D97C2E700F6CCB7 /* MarkerSelectFeedback.storyboard */; };
		30E48F861D97C2E700F6CCB7 /* MarkerSelectFeedbackViewController.swift in Sources */ = {isa = PBXBuildFile; fileRef = 30E48F831D97C2E700F6CCB7 /* MarkerSelectFeedbackViewController.swift */; };
		30E48F891D97C2EE00F6CCB7 /* Panning.storyboard in Resources */ = {isa = PBXBuildFile; fileRef = 30E48F871D97C2EE00F6CCB7 /* Panning.storyboard */; };
		30E48F8A1D97C2EE00F6CCB7 /* PanningViewController.swift in Sources */ = {isa = PBXBuildFile; fileRef = 30E48F881D97C2EE00F6CCB7 /* PanningViewController.swift */; };
		30E48F8D1D97C2F400F6CCB7 /* PathSelection.storyboard in Resources */ = {isa = PBXBuildFile; fileRef = 30E48F8B1D97C2F400F6CCB7 /* PathSelection.storyboard */; };
		30E48F8E1D97C2F400F6CCB7 /* PathSelectionViewController.swift in Sources */ = {isa = PBXBuildFile; fileRef = 30E48F8C1D97C2F400F6CCB7 /* PathSelectionViewController.swift */; };
		30E48F911D97C2F900F6CCB7 /* SemanticZooming.storyboard in Resources */ = {isa = PBXBuildFile; fileRef = 30E48F8F1D97C2F900F6CCB7 /* SemanticZooming.storyboard */; };
		30E48F921D97C2F900F6CCB7 /* SemanticZoomingViewController.swift in Sources */ = {isa = PBXBuildFile; fileRef = 30E48F901D97C2F900F6CCB7 /* SemanticZoomingViewController.swift */; };
		30E48F941D97C4C400F6CCB7 /* mcdonalds.geojson in Resources */ = {isa = PBXBuildFile; fileRef = 30E48F931D97C4C400F6CCB7 /* mcdonalds.geojson */; };
		30E48F9D1D97CD7B00F6CCB7 /* Keys.plist in Resources */ = {isa = PBXBuildFile; fileRef = 30E48F9C1D97CD7B00F6CCB7 /* Keys.plist */; };
		30E48FA31D97D1A500F6CCB7 /* MarkerSelectFeedbackAnnotationView.swift in Sources */ = {isa = PBXBuildFile; fileRef = 30E48FA21D97D1A500F6CCB7 /* MarkerSelectFeedbackAnnotationView.swift */; };
		30E48FA71D97E79100F6CCB7 /* GeoJSONParser.storyboard in Resources */ = {isa = PBXBuildFile; fileRef = 30E48FA51D97E79100F6CCB7 /* GeoJSONParser.storyboard */; };
		30E48FA81D97E79100F6CCB7 /* GeoJSONParserViewController.swift in Sources */ = {isa = PBXBuildFile; fileRef = 30E48FA61D97E79100F6CCB7 /* GeoJSONParserViewController.swift */; };
		30E48FAF1D9810B300F6CCB7 /* amsterdam.geojson in Resources */ = {isa = PBXBuildFile; fileRef = 30E48FAE1D9810B300F6CCB7 /* amsterdam.geojson */; };
		30E48FB31D98123900F6CCB7 /* Polygons.storyboard in Resources */ = {isa = PBXBuildFile; fileRef = 30E48FB11D98123900F6CCB7 /* Polygons.storyboard */; };
		30E48FB41D98123900F6CCB7 /* PolygonsViewController.swift in Sources */ = {isa = PBXBuildFile; fileRef = 30E48FB21D98123900F6CCB7 /* PolygonsViewController.swift */; };
		5021B45661A977F51CF174FF /* Pods_Mapbox_iOS_Examples.framework in Frameworks */ = {isa = PBXBuildFile; fileRef = 2279224B801E9358AFE43D13 /* Pods_Mapbox_iOS_Examples.framework */; };
/* End PBXBuildFile section */

/* Begin PBXFileReference section */
		0101E464E567E9485184AA18 /* Pods-Mapbox-iOS-Examples.debug.xcconfig */ = {isa = PBXFileReference; includeInIndex = 1; lastKnownFileType = text.xcconfig; name = "Pods-Mapbox-iOS-Examples.debug.xcconfig"; path = "Pods/Target Support Files/Pods-Mapbox-iOS-Examples/Pods-Mapbox-iOS-Examples.debug.xcconfig"; sourceTree = "<group>"; };
		081FB5B8CEEB8BFF573F489E /* Pods-Mapbox-iOS-Examples.release.xcconfig */ = {isa = PBXFileReference; includeInIndex = 1; lastKnownFileType = text.xcconfig; name = "Pods-Mapbox-iOS-Examples.release.xcconfig"; path = "Pods/Target Support Files/Pods-Mapbox-iOS-Examples/Pods-Mapbox-iOS-Examples.release.xcconfig"; sourceTree = "<group>"; };
		2279224B801E9358AFE43D13 /* Pods_Mapbox_iOS_Examples.framework */ = {isa = PBXFileReference; explicitFileType = wrapper.framework; includeInIndex = 0; path = Pods_Mapbox_iOS_Examples.framework; sourceTree = BUILT_PRODUCTS_DIR; };
		30BAE3D41D97BBEB00819457 /* Mapbox-iOS-Examples.app */ = {isa = PBXFileReference; explicitFileType = wrapper.application; includeInIndex = 0; path = "Mapbox-iOS-Examples.app"; sourceTree = BUILT_PRODUCTS_DIR; };
		30BAE3D71D97BBEB00819457 /* AppDelegate.swift */ = {isa = PBXFileReference; lastKnownFileType = sourcecode.swift; path = AppDelegate.swift; sourceTree = "<group>"; };
		30BAE3DC1D97BBEB00819457 /* Base */ = {isa = PBXFileReference; lastKnownFileType = file.storyboard; name = Base; path = Base.lproj/Main.storyboard; sourceTree = "<group>"; };
		30BAE3DE1D97BBEB00819457 /* Assets.xcassets */ = {isa = PBXFileReference; lastKnownFileType = folder.assetcatalog; path = Assets.xcassets; sourceTree = "<group>"; };
		30BAE3E11D97BBEB00819457 /* Base */ = {isa = PBXFileReference; lastKnownFileType = file.storyboard; name = Base; path = Base.lproj/LaunchScreen.storyboard; sourceTree = "<group>"; };
		30BAE3E31D97BBEB00819457 /* Info.plist */ = {isa = PBXFileReference; lastKnownFileType = text.plist.xml; path = Info.plist; sourceTree = "<group>"; };
		30E48F6D1D97C09400F6CCB7 /* RootViewCell.swift */ = {isa = PBXFileReference; fileEncoding = 4; lastKnownFileType = sourcecode.swift; path = RootViewCell.swift; sourceTree = "<group>"; };
		30E48F6E1D97C09400F6CCB7 /* RootViewController.swift */ = {isa = PBXFileReference; fileEncoding = 4; lastKnownFileType = sourcecode.swift; path = RootViewController.swift; sourceTree = "<group>"; };
		30E48F711D97C0B400F6CCB7 /* ExampleDataSource.swift */ = {isa = PBXFileReference; fileEncoding = 4; lastKnownFileType = sourcecode.swift; path = ExampleDataSource.swift; sourceTree = "<group>"; };
		30E48F791D97C2DA00F6CCB7 /* Clustering.storyboard */ = {isa = PBXFileReference; fileEncoding = 4; lastKnownFileType = file.storyboard; name = Clustering.storyboard; path = Examples/Clustering.storyboard; sourceTree = "<group>"; };
		30E48F7A1D97C2DA00F6CCB7 /* ClusteringViewController.swift */ = {isa = PBXFileReference; fileEncoding = 4; lastKnownFileType = sourcecode.swift; name = ClusteringViewController.swift; path = Examples/ClusteringViewController.swift; sourceTree = "<group>"; };
		30E48F7D1D97C2E100F6CCB7 /* Filtering.storyboard */ = {isa = PBXFileReference; fileEncoding = 4; lastKnownFileType = file.storyboard; name = Filtering.storyboard; path = Examples/Filtering.storyboard; sourceTree = "<group>"; };
		30E48F7E1D97C2E100F6CCB7 /* FilteringViewController.swift */ = {isa = PBXFileReference; fileEncoding = 4; lastKnownFileType = sourcecode.swift; name = FilteringViewController.swift; path = Examples/FilteringViewController.swift; sourceTree = "<group>"; };
		30E48F811D97C2E700F6CCB7 /* MarkerSelectFeedback.storyboard */ = {isa = PBXFileReference; fileEncoding = 4; lastKnownFileType = file.storyboard; name = MarkerSelectFeedback.storyboard; path = Examples/MarkerSelectFeedback.storyboard; sourceTree = "<group>"; };
		30E48F831D97C2E700F6CCB7 /* MarkerSelectFeedbackViewController.swift */ = {isa = PBXFileReference; fileEncoding = 4; lastKnownFileType = sourcecode.swift; name = MarkerSelectFeedbackViewController.swift; path = Examples/MarkerSelectFeedbackViewController.swift; sourceTree = "<group>"; };
		30E48F871D97C2EE00F6CCB7 /* Panning.storyboard */ = {isa = PBXFileReference; fileEncoding = 4; lastKnownFileType = file.storyboard; name = Panning.storyboard; path = Examples/Panning.storyboard; sourceTree = "<group>"; };
		30E48F881D97C2EE00F6CCB7 /* PanningViewController.swift */ = {isa = PBXFileReference; fileEncoding = 4; lastKnownFileType = sourcecode.swift; name = PanningViewController.swift; path = Examples/PanningViewController.swift; sourceTree = "<group>"; };
		30E48F8B1D97C2F400F6CCB7 /* PathSelection.storyboard */ = {isa = PBXFileReference; fileEncoding = 4; lastKnownFileType = file.storyboard; name = PathSelection.storyboard; path = Examples/PathSelection.storyboard; sourceTree = "<group>"; };
		30E48F8C1D97C2F400F6CCB7 /* PathSelectionViewController.swift */ = {isa = PBXFileReference; fileEncoding = 4; lastKnownFileType = sourcecode.swift; name = PathSelectionViewController.swift; path = Examples/PathSelectionViewController.swift; sourceTree = "<group>"; };
		30E48F8F1D97C2F900F6CCB7 /* SemanticZooming.storyboard */ = {isa = PBXFileReference; fileEncoding = 4; lastKnownFileType = file.storyboard; name = SemanticZooming.storyboard; path = Examples/SemanticZooming.storyboard; sourceTree = "<group>"; };
		30E48F901D97C2F900F6CCB7 /* SemanticZoomingViewController.swift */ = {isa = PBXFileReference; fileEncoding = 4; lastKnownFileType = sourcecode.swift; name = SemanticZoomingViewController.swift; path = Examples/SemanticZoomingViewController.swift; sourceTree = "<group>"; };
		30E48F931D97C4C400F6CCB7 /* mcdonalds.geojson */ = {isa = PBXFileReference; fileEncoding = 4; lastKnownFileType = text; name = mcdonalds.geojson; path = Resources/mcdonalds.geojson; sourceTree = "<group>"; };
		30E48F9C1D97CD7B00F6CCB7 /* Keys.plist */ = {isa = PBXFileReference; fileEncoding = 4; lastKnownFileType = text.plist.xml; path = Keys.plist; sourceTree = "<group>"; };
		30E48FA21D97D1A500F6CCB7 /* MarkerSelectFeedbackAnnotationView.swift */ = {isa = PBXFileReference; fileEncoding = 4; lastKnownFileType = sourcecode.swift; name = MarkerSelectFeedbackAnnotationView.swift; path = Examples/MarkerSelectFeedbackAnnotationView.swift; sourceTree = "<group>"; };
		30E48FA51D97E79100F6CCB7 /* GeoJSONParser.storyboard */ = {isa = PBXFileReference; fileEncoding = 4; lastKnownFileType = file.storyboard; name = GeoJSONParser.storyboard; path = Examples/GeoJSONParser.storyboard; sourceTree = "<group>"; };
		30E48FA61D97E79100F6CCB7 /* GeoJSONParserViewController.swift */ = {isa = PBXFileReference; fileEncoding = 4; lastKnownFileType = sourcecode.swift; name = GeoJSONParserViewController.swift; path = Examples/GeoJSONParserViewController.swift; sourceTree = "<group>"; };
		30E48FAE1D9810B300F6CCB7 /* amsterdam.geojson */ = {isa = PBXFileReference; fileEncoding = 4; lastKnownFileType = text; name = amsterdam.geojson; path = Resources/amsterdam.geojson; sourceTree = "<group>"; };
		30E48FB11D98123900F6CCB7 /* Polygons.storyboard */ = {isa = PBXFileReference; fileEncoding = 4; lastKnownFileType = file.storyboard; name = Polygons.storyboard; path = Examples/Polygons.storyboard; sourceTree = "<group>"; };
		30E48FB21D98123900F6CCB7 /* PolygonsViewController.swift */ = {isa = PBXFileReference; fileEncoding = 4; lastKnownFileType = sourcecode.swift; name = PolygonsViewController.swift; path = Examples/PolygonsViewController.swift; sourceTree = "<group>"; };
/* End PBXFileReference section */

/* Begin PBXFrameworksBuildPhase section */
		30BAE3D11D97BBEB00819457 /* Frameworks */ = {
			isa = PBXFrameworksBuildPhase;
			buildActionMask = 2147483647;
			files = (
				5021B45661A977F51CF174FF /* Pods_Mapbox_iOS_Examples.framework in Frameworks */,
			);
			runOnlyForDeploymentPostprocessing = 0;
		};
/* End PBXFrameworksBuildPhase section */

/* Begin PBXGroup section */
		30BAE3CB1D97BBEB00819457 = {
			isa = PBXGroup;
			children = (
				30E48F9C1D97CD7B00F6CCB7 /* Keys.plist */,
				30BAE3D61D97BBEB00819457 /* Source */,
				30BAE3D51D97BBEB00819457 /* Products */,
				8C53A3F969D0736D28D8E044 /* Pods */,
				69E4F73BCB40B5C766357779 /* Frameworks */,
			);
			sourceTree = "<group>";
		};
		30BAE3D51D97BBEB00819457 /* Products */ = {
			isa = PBXGroup;
			children = (
				30BAE3D41D97BBEB00819457 /* Mapbox-iOS-Examples.app */,
			);
			name = Products;
			sourceTree = "<group>";
		};
		30BAE3D61D97BBEB00819457 /* Source */ = {
			isa = PBXGroup;
			children = (
				30BAE3E31D97BBEB00819457 /* Info.plist */,
				30BAE3DE1D97BBEB00819457 /* Assets.xcassets */,
				30BAE3D71D97BBEB00819457 /* AppDelegate.swift */,
				30E48F711D97C0B400F6CCB7 /* ExampleDataSource.swift */,
				30E48F6D1D97C09400F6CCB7 /* RootViewCell.swift */,
				30E48F6E1D97C09400F6CCB7 /* RootViewController.swift */,
				30BAE3DB1D97BBEB00819457 /* Main.storyboard */,
				30BAE3E01D97BBEB00819457 /* LaunchScreen.storyboard */,
				30E48F6A1D97C06600F6CCB7 /* Examples */,
				30E48F6C1D97C07200F6CCB7 /* Resources */,
			);
			name = Source;
			path = src;
			sourceTree = "<group>";
		};
		30E48F6A1D97C06600F6CCB7 /* Examples */ = {
			isa = PBXGroup;
			children = (
				30E48FB01D98117700F6CCB7 /* Polygons */,
				30E48FA41D97E71200F6CCB7 /* GeoJSONParser */,
				30E48F731D97C27300F6CCB7 /* Clustering */,
				30E48F741D97C27C00F6CCB7 /* Filtering */,
				30E48F751D97C28900F6CCB7 /* MarkerSelectFeedback */,
				30E48F761D97C29100F6CCB7 /* Panning */,
				30E48F771D97C29600F6CCB7 /* PathSelection */,
				30E48F781D97C29C00F6CCB7 /* SemanticZooming */,
			);
			name = Examples;
			sourceTree = "<group>";
		};
		30E48F6C1D97C07200F6CCB7 /* Resources */ = {
			isa = PBXGroup;
			children = (
				30E48FAE1D9810B300F6CCB7 /* amsterdam.geojson */,
				30E48F931D97C4C400F6CCB7 /* mcdonalds.geojson */,
			);
			name = Resources;
			sourceTree = "<group>";
		};
		30E48F731D97C27300F6CCB7 /* Clustering */ = {
			isa = PBXGroup;
			children = (
				30E48F791D97C2DA00F6CCB7 /* Clustering.storyboard */,
				30E48F7A1D97C2DA00F6CCB7 /* ClusteringViewController.swift */,
			);
			name = Clustering;
			sourceTree = "<group>";
		};
		30E48F741D97C27C00F6CCB7 /* Filtering */ = {
			isa = PBXGroup;
			children = (
				30E48F7D1D97C2E100F6CCB7 /* Filtering.storyboard */,
				30E48F7E1D97C2E100F6CCB7 /* FilteringViewController.swift */,
			);
			name = Filtering;
			sourceTree = "<group>";
		};
		30E48F751D97C28900F6CCB7 /* MarkerSelectFeedback */ = {
			isa = PBXGroup;
			children = (
				30E48F811D97C2E700F6CCB7 /* MarkerSelectFeedback.storyboard */,
				30E48FA21D97D1A500F6CCB7 /* MarkerSelectFeedbackAnnotationView.swift */,
				30E48F831D97C2E700F6CCB7 /* MarkerSelectFeedbackViewController.swift */,
			);
			name = MarkerSelectFeedback;
			sourceTree = "<group>";
		};
		30E48F761D97C29100F6CCB7 /* Panning */ = {
			isa = PBXGroup;
			children = (
				30E48F871D97C2EE00F6CCB7 /* Panning.storyboard */,
				30E48F881D97C2EE00F6CCB7 /* PanningViewController.swift */,
			);
			name = Panning;
			sourceTree = "<group>";
		};
		30E48F771D97C29600F6CCB7 /* PathSelection */ = {
			isa = PBXGroup;
			children = (
				30E48F8B1D97C2F400F6CCB7 /* PathSelection.storyboard */,
				30E48F8C1D97C2F400F6CCB7 /* PathSelectionViewController.swift */,
			);
			name = PathSelection;
			sourceTree = "<group>";
		};
		30E48F781D97C29C00F6CCB7 /* SemanticZooming */ = {
			isa = PBXGroup;
			children = (
				30E48F8F1D97C2F900F6CCB7 /* SemanticZooming.storyboard */,
				30E48F901D97C2F900F6CCB7 /* SemanticZoomingViewController.swift */,
			);
			name = SemanticZooming;
			sourceTree = "<group>";
		};
		30E48FA41D97E71200F6CCB7 /* GeoJSONParser */ = {
			isa = PBXGroup;
			children = (
				30E48FA51D97E79100F6CCB7 /* GeoJSONParser.storyboard */,
				30E48FA61D97E79100F6CCB7 /* GeoJSONParserViewController.swift */,
			);
			name = GeoJSONParser;
			sourceTree = "<group>";
		};
		30E48FB01D98117700F6CCB7 /* Polygons */ = {
			isa = PBXGroup;
			children = (
				30E48FB11D98123900F6CCB7 /* Polygons.storyboard */,
				30E48FB21D98123900F6CCB7 /* PolygonsViewController.swift */,
			);
			name = Polygons;
			sourceTree = "<group>";
		};
		69E4F73BCB40B5C766357779 /* Frameworks */ = {
			isa = PBXGroup;
			children = (
				2279224B801E9358AFE43D13 /* Pods_Mapbox_iOS_Examples.framework */,
			);
			name = Frameworks;
			sourceTree = "<group>";
		};
		8C53A3F969D0736D28D8E044 /* Pods */ = {
			isa = PBXGroup;
			children = (
				0101E464E567E9485184AA18 /* Pods-Mapbox-iOS-Examples.debug.xcconfig */,
				081FB5B8CEEB8BFF573F489E /* Pods-Mapbox-iOS-Examples.release.xcconfig */,
			);
			name = Pods;
			sourceTree = "<group>";
		};
/* End PBXGroup section */

/* Begin PBXNativeTarget section */
		30BAE3D31D97BBEB00819457 /* Mapbox-iOS-Examples */ = {
			isa = PBXNativeTarget;
			buildConfigurationList = 30BAE3E61D97BBEB00819457 /* Build configuration list for PBXNativeTarget "Mapbox-iOS-Examples" */;
			buildPhases = (
				EE9DD45A5FBB7AFCA43CFA7A /* [CP] Check Pods Manifest.lock */,
				30BAE3D01D97BBEB00819457 /* Sources */,
				30BAE3D11D97BBEB00819457 /* Frameworks */,
				30BAE3D21D97BBEB00819457 /* Resources */,
				B569BA0F546D1B6242779382 /* [CP] Embed Pods Frameworks */,
				14E4786220326890EC20DD4E /* [CP] Copy Pods Resources */,
			);
			buildRules = (
			);
			dependencies = (
			);
			name = "Mapbox-iOS-Examples";
			productName = "Mapbox-iOS-Examples";
			productReference = 30BAE3D41D97BBEB00819457 /* Mapbox-iOS-Examples.app */;
			productType = "com.apple.product-type.application";
		};
/* End PBXNativeTarget section */

/* Begin PBXProject section */
		30BAE3CC1D97BBEB00819457 /* Project object */ = {
			isa = PBXProject;
			attributes = {
				LastSwiftUpdateCheck = 0800;
				LastUpgradeCheck = 0800;
				ORGANIZATIONNAME = rmnblm;
				TargetAttributes = {
					30BAE3D31D97BBEB00819457 = {
						CreatedOnToolsVersion = 8.0;
						DevelopmentTeam = LX2LWMTL8R;
						ProvisioningStyle = Automatic;
					};
				};
			};
			buildConfigurationList = 30BAE3CF1D97BBEB00819457 /* Build configuration list for PBXProject "Mapbox-iOS-Examples" */;
			compatibilityVersion = "Xcode 3.2";
			developmentRegion = English;
			hasScannedForEncodings = 0;
			knownRegions = (
				en,
				Base,
			);
			mainGroup = 30BAE3CB1D97BBEB00819457;
			productRefGroup = 30BAE3D51D97BBEB00819457 /* Products */;
			projectDirPath = "";
			projectRoot = "";
			targets = (
				30BAE3D31D97BBEB00819457 /* Mapbox-iOS-Examples */,
			);
		};
/* End PBXProject section */

/* Begin PBXResourcesBuildPhase section */
		30BAE3D21D97BBEB00819457 /* Resources */ = {
			isa = PBXResourcesBuildPhase;
			buildActionMask = 2147483647;
			files = (
				30E48F911D97C2F900F6CCB7 /* SemanticZooming.storyboard in Resources */,
				30E48F891D97C2EE00F6CCB7 /* Panning.storyboard in Resources */,
				30E48FA71D97E79100F6CCB7 /* GeoJSONParser.storyboard in Resources */,
				30E48F9D1D97CD7B00F6CCB7 /* Keys.plist in Resources */,
				30E48F7B1D97C2DA00F6CCB7 /* Clustering.storyboard in Resources */,
				30E48F8D1D97C2F400F6CCB7 /* PathSelection.storyboard in Resources */,
				30E48F7F1D97C2E100F6CCB7 /* Filtering.storyboard in Resources */,
				30BAE3E21D97BBEB00819457 /* LaunchScreen.storyboard in Resources */,
				30E48F841D97C2E700F6CCB7 /* MarkerSelectFeedback.storyboard in Resources */,
				30E48F941D97C4C400F6CCB7 /* mcdonalds.geojson in Resources */,
				30BAE3DF1D97BBEB00819457 /* Assets.xcassets in Resources */,
				30E48FB31D98123900F6CCB7 /* Polygons.storyboard in Resources */,
				30E48FAF1D9810B300F6CCB7 /* amsterdam.geojson in Resources */,
				30BAE3DD1D97BBEB00819457 /* Main.storyboard in Resources */,
			);
			runOnlyForDeploymentPostprocessing = 0;
		};
/* End PBXResourcesBuildPhase section */

/* Begin PBXShellScriptBuildPhase section */
		14E4786220326890EC20DD4E /* [CP] Copy Pods Resources */ = {
			isa = PBXShellScriptBuildPhase;
			buildActionMask = 2147483647;
			files = (
			);
			inputPaths = (
			);
			name = "[CP] Copy Pods Resources";
			outputPaths = (
			);
			runOnlyForDeploymentPostprocessing = 0;
			shellPath = /bin/sh;
			shellScript = "\"${SRCROOT}/Pods/Target Support Files/Pods-Mapbox-iOS-Examples/Pods-Mapbox-iOS-Examples-resources.sh\"\n";
			showEnvVarsInLog = 0;
		};
		B569BA0F546D1B6242779382 /* [CP] Embed Pods Frameworks */ = {
			isa = PBXShellScriptBuildPhase;
			buildActionMask = 2147483647;
			files = (
			);
			inputPaths = (
			);
			name = "[CP] Embed Pods Frameworks";
			outputPaths = (
			);
			runOnlyForDeploymentPostprocessing = 0;
			shellPath = /bin/sh;
			shellScript = "\"${SRCROOT}/Pods/Target Support Files/Pods-Mapbox-iOS-Examples/Pods-Mapbox-iOS-Examples-frameworks.sh\"\n";
			showEnvVarsInLog = 0;
		};
		EE9DD45A5FBB7AFCA43CFA7A /* [CP] Check Pods Manifest.lock */ = {
			isa = PBXShellScriptBuildPhase;
			buildActionMask = 2147483647;
			files = (
			);
			inputPaths = (
			);
			name = "[CP] Check Pods Manifest.lock";
			outputPaths = (
			);
			runOnlyForDeploymentPostprocessing = 0;
			shellPath = /bin/sh;
			shellScript = "diff \"${PODS_ROOT}/../Podfile.lock\" \"${PODS_ROOT}/Manifest.lock\" > /dev/null\nif [ $? != 0 ] ; then\n    # print error to STDERR\n    echo \"error: The sandbox is not in sync with the Podfile.lock. Run 'pod install' or update your CocoaPods installation.\" >&2\n    exit 1\nfi\n";
			showEnvVarsInLog = 0;
		};
/* End PBXShellScriptBuildPhase section */

/* Begin PBXSourcesBuildPhase section */
		30BAE3D01D97BBEB00819457 /* Sources */ = {
			isa = PBXSourcesBuildPhase;
			buildActionMask = 2147483647;
			files = (
				30E48FA31D97D1A500F6CCB7 /* MarkerSelectFeedbackAnnotationView.swift in Sources */,
				30E48F8E1D97C2F400F6CCB7 /* PathSelectionViewController.swift in Sources */,
				30E48F7C1D97C2DA00F6CCB7 /* ClusteringViewController.swift in Sources */,
				30E48F861D97C2E700F6CCB7 /* MarkerSelectFeedbackViewController.swift in Sources */,
				30E48F6F1D97C09400F6CCB7 /* RootViewCell.swift in Sources */,
				30E48FA81D97E79100F6CCB7 /* GeoJSONParserViewController.swift in Sources */,
				30E48F721D97C0B400F6CCB7 /* ExampleDataSource.swift in Sources */,
				30E48F921D97C2F900F6CCB7 /* SemanticZoomingViewController.swift in Sources */,
				30E48FB41D98123900F6CCB7 /* PolygonsViewController.swift in Sources */,
				30E48F8A1D97C2EE00F6CCB7 /* PanningViewController.swift in Sources */,
				30BAE3D81D97BBEB00819457 /* AppDelegate.swift in Sources */,
				30E48F701D97C09400F6CCB7 /* RootViewController.swift in Sources */,
				30E48F801D97C2E100F6CCB7 /* FilteringViewController.swift in Sources */,
			);
			runOnlyForDeploymentPostprocessing = 0;
		};
/* End PBXSourcesBuildPhase section */

/* Begin PBXVariantGroup section */
		30BAE3DB1D97BBEB00819457 /* Main.storyboard */ = {
			isa = PBXVariantGroup;
			children = (
				30BAE3DC1D97BBEB00819457 /* Base */,
			);
			name = Main.storyboard;
			sourceTree = "<group>";
		};
		30BAE3E01D97BBEB00819457 /* LaunchScreen.storyboard */ = {
			isa = PBXVariantGroup;
			children = (
				30BAE3E11D97BBEB00819457 /* Base */,
			);
			name = LaunchScreen.storyboard;
			sourceTree = "<group>";
		};
/* End PBXVariantGroup section */

/* Begin XCBuildConfiguration section */
		30BAE3E41D97BBEB00819457 /* Debug */ = {
			isa = XCBuildConfiguration;
			buildSettings = {
				ALWAYS_EMBED_SWIFT_STANDARD_LIBRARIES = NO;
				ALWAYS_SEARCH_USER_PATHS = NO;
				CLANG_ANALYZER_NONNULL = YES;
				CLANG_CXX_LANGUAGE_STANDARD = "gnu++0x";
				CLANG_CXX_LIBRARY = "libc++";
				CLANG_ENABLE_MODULES = YES;
				CLANG_ENABLE_OBJC_ARC = YES;
				CLANG_WARN_BOOL_CONVERSION = YES;
				CLANG_WARN_CONSTANT_CONVERSION = YES;
				CLANG_WARN_DIRECT_OBJC_ISA_USAGE = YES_ERROR;
				CLANG_WARN_DOCUMENTATION_COMMENTS = YES;
				CLANG_WARN_EMPTY_BODY = YES;
				CLANG_WARN_ENUM_CONVERSION = YES;
				CLANG_WARN_INFINITE_RECURSION = YES;
				CLANG_WARN_INT_CONVERSION = YES;
				CLANG_WARN_OBJC_ROOT_CLASS = YES_ERROR;
				CLANG_WARN_SUSPICIOUS_MOVE = YES;
				CLANG_WARN_SUSPICIOUS_MOVES = YES;
				CLANG_WARN_UNREACHABLE_CODE = YES;
				CLANG_WARN__DUPLICATE_METHOD_MATCH = YES;
				"CODE_SIGN_IDENTITY[sdk=iphoneos*]" = "iPhone Developer";
				COPY_PHASE_STRIP = NO;
				DEBUG_INFORMATION_FORMAT = dwarf;
				ENABLE_STRICT_OBJC_MSGSEND = YES;
				ENABLE_TESTABILITY = YES;
				GCC_C_LANGUAGE_STANDARD = gnu99;
				GCC_DYNAMIC_NO_PIC = NO;
				GCC_NO_COMMON_BLOCKS = YES;
				GCC_OPTIMIZATION_LEVEL = 0;
				GCC_PREPROCESSOR_DEFINITIONS = (
					"DEBUG=1",
					"$(inherited)",
				);
				GCC_WARN_64_TO_32_BIT_CONVERSION = YES;
				GCC_WARN_ABOUT_RETURN_TYPE = YES_ERROR;
				GCC_WARN_UNDECLARED_SELECTOR = YES;
				GCC_WARN_UNINITIALIZED_AUTOS = YES_AGGRESSIVE;
				GCC_WARN_UNUSED_FUNCTION = YES;
				GCC_WARN_UNUSED_VARIABLE = YES;
				IPHONEOS_DEPLOYMENT_TARGET = 10.0;
				MTL_ENABLE_DEBUG_INFO = YES;
				ONLY_ACTIVE_ARCH = YES;
				SDKROOT = iphoneos;
				SWIFT_ACTIVE_COMPILATION_CONDITIONS = DEBUG;
				SWIFT_OPTIMIZATION_LEVEL = "-Onone";
			};
			name = Debug;
		};
		30BAE3E51D97BBEB00819457 /* Release */ = {
			isa = XCBuildConfiguration;
			buildSettings = {
				ALWAYS_EMBED_SWIFT_STANDARD_LIBRARIES = NO;
				ALWAYS_SEARCH_USER_PATHS = NO;
				CLANG_ANALYZER_NONNULL = YES;
				CLANG_CXX_LANGUAGE_STANDARD = "gnu++0x";
				CLANG_CXX_LIBRARY = "libc++";
				CLANG_ENABLE_MODULES = YES;
				CLANG_ENABLE_OBJC_ARC = YES;
				CLANG_WARN_BOOL_CONVERSION = YES;
				CLANG_WARN_CONSTANT_CONVERSION = YES;
				CLANG_WARN_DIRECT_OBJC_ISA_USAGE = YES_ERROR;
				CLANG_WARN_DOCUMENTATION_COMMENTS = YES;
				CLANG_WARN_EMPTY_BODY = YES;
				CLANG_WARN_ENUM_CONVERSION = YES;
				CLANG_WARN_INFINITE_RECURSION = YES;
				CLANG_WARN_INT_CONVERSION = YES;
				CLANG_WARN_OBJC_ROOT_CLASS = YES_ERROR;
				CLANG_WARN_SUSPICIOUS_MOVE = YES;
				CLANG_WARN_SUSPICIOUS_MOVES = YES;
				CLANG_WARN_UNREACHABLE_CODE = YES;
				CLANG_WARN__DUPLICATE_METHOD_MATCH = YES;
				"CODE_SIGN_IDENTITY[sdk=iphoneos*]" = "iPhone Developer";
				COPY_PHASE_STRIP = NO;
				DEBUG_INFORMATION_FORMAT = "dwarf-with-dsym";
				ENABLE_NS_ASSERTIONS = NO;
				ENABLE_STRICT_OBJC_MSGSEND = YES;
				GCC_C_LANGUAGE_STANDARD = gnu99;
				GCC_NO_COMMON_BLOCKS = YES;
				GCC_WARN_64_TO_32_BIT_CONVERSION = YES;
				GCC_WARN_ABOUT_RETURN_TYPE = YES_ERROR;
				GCC_WARN_UNDECLARED_SELECTOR = YES;
				GCC_WARN_UNINITIALIZED_AUTOS = YES_AGGRESSIVE;
				GCC_WARN_UNUSED_FUNCTION = YES;
				GCC_WARN_UNUSED_VARIABLE = YES;
				IPHONEOS_DEPLOYMENT_TARGET = 10.0;
				MTL_ENABLE_DEBUG_INFO = NO;
				SDKROOT = iphoneos;
				SWIFT_OPTIMIZATION_LEVEL = "-Owholemodule";
				VALIDATE_PRODUCT = YES;
			};
			name = Release;
		};
		30BAE3E71D97BBEB00819457 /* Debug */ = {
			isa = XCBuildConfiguration;
			baseConfigurationReference = 0101E464E567E9485184AA18 /* Pods-Mapbox-iOS-Examples.debug.xcconfig */;
			buildSettings = {
				ALWAYS_EMBED_SWIFT_STANDARD_LIBRARIES = "$(inherited)";
				ASSETCATALOG_COMPILER_APPICON_NAME = AppIcon;
				DEVELOPMENT_TEAM = LX2LWMTL8R;
				INFOPLIST_FILE = "$(SRCROOT)/src/Info.plist";
				LD_RUNPATH_SEARCH_PATHS = "$(inherited) @executable_path/Frameworks";
				PRODUCT_BUNDLE_IDENTIFIER = "com.rmnblm.Mapbox-iOS-Examples";
				PRODUCT_NAME = "$(TARGET_NAME)";
				SWIFT_VERSION = 3.0;
			};
			name = Debug;
		};
		30BAE3E81D97BBEB00819457 /* Release */ = {
			isa = XCBuildConfiguration;
			baseConfigurationReference = 081FB5B8CEEB8BFF573F489E /* Pods-Mapbox-iOS-Examples.release.xcconfig */;
			buildSettings = {
				ALWAYS_EMBED_SWIFT_STANDARD_LIBRARIES = "$(inherited)";
				ASSETCATALOG_COMPILER_APPICON_NAME = AppIcon;
				DEVELOPMENT_TEAM = LX2LWMTL8R;
				INFOPLIST_FILE = "$(SRCROOT)/src/Info.plist";
				LD_RUNPATH_SEARCH_PATHS = "$(inherited) @executable_path/Frameworks";
				PRODUCT_BUNDLE_IDENTIFIER = "com.rmnblm.Mapbox-iOS-Examples";
				PRODUCT_NAME = "$(TARGET_NAME)";
				SWIFT_VERSION = 3.0;
			};
			name = Release;
		};
/* End XCBuildConfiguration section */

/* Begin XCConfigurationList section */
		30BAE3CF1D97BBEB00819457 /* Build configuration list for PBXProject "Mapbox-iOS-Examples" */ = {
			isa = XCConfigurationList;
			buildConfigurations = (
				30BAE3E41D97BBEB00819457 /* Debug */,
				30BAE3E51D97BBEB00819457 /* Release */,
			);
			defaultConfigurationIsVisible = 0;
			defaultConfigurationName = Release;
		};
		30BAE3E61D97BBEB00819457 /* Build configuration list for PBXNativeTarget "Mapbox-iOS-Examples" */ = {
			isa = XCConfigurationList;
			buildConfigurations = (
				30BAE3E71D97BBEB00819457 /* Debug */,
				30BAE3E81D97BBEB00819457 /* Release */,
			);
			defaultConfigurationIsVisible = 0;
			defaultConfigurationName = Release;
		};
/* End XCConfigurationList section */
	};
	rootObject = 30BAE3CC1D97BBEB00819457 /* Project object */;
}
